
Microsoft Visual Studio Solution File, Format Version 12.00
# Visual Studio Version 16
VisualStudioVersion = 16.0.31129.286
MinimumVisualStudioVersion = 10.0.40219.1
Project("{FAE04EC0-301F-11D3-BF4B-00C04F79EFBC}") = "RabbitMQ.Producer", "RabbitMQ.Producer\RabbitMQ.Producer.csproj", "{F95E39CF-7DDE-430F-9337-E9D5775525D9}"
EndProject
Project("{FAE04EC0-301F-11D3-BF4B-00C04F79EFBC}") = "RabbitMQ.Consumer", "RabbitMQ.Consumer\RabbitMQ.Consumer.csproj", "{F527F3D5-ACE4-47F8-BC1A-11ABF45851F2}"
EndProject
Global
	GlobalSection(SolutionConfigurationPlatforms) = preSolution
		Debug|Any CPU = Debug|Any CPU
		Release|Any CPU = Release|Any CPU
	EndGlobalSection
	GlobalSection(ProjectConfigurationPlatforms) = postSolution
		{F95E39CF-7DDE-430F-9337-E9D5775525D9}.Debug|Any CPU.ActiveCfg = Debug|Any CPU
		{F95E39CF-7DDE-430F-9337-E9D5775525D9}.Debug|Any CPU.Build.0 = Debug|Any CPU
		{F95E39CF-7DDE-430F-9337-E9D5775525D9}.Release|Any CPU.ActiveCfg = Release|Any CPU
		{F95E39CF-7DDE-430F-9337-E9D5775525D9}.Release|Any CPU.Build.0 = Release|Any CPU
		{F527F3D5-ACE4-47F8-BC1A-11ABF45851F2}.Debug|Any CPU.ActiveCfg = Debug|Any CPU
		{F527F3D5-ACE4-47F8-BC1A-11ABF45851F2}.Debug|Any CPU.Build.0 = Debug|Any CPU
		{F527F3D5-ACE4-47F8-BC1A-11ABF45851F2}.Release|Any CPU.ActiveCfg = Release|Any CPU
		{F527F3D5-ACE4-47F8-BC1A-11ABF45851F2}.Release|Any CPU.Build.0 = Release|Any CPU
	EndGlobalSection
	GlobalSection(SolutionProperties) = preSolution
		HideSolutionNode = FALSE
	EndGlobalSection
	GlobalSection(ExtensibilityGlobals) = postSolution
		SolutionGuid = {72B23D81-29B0-4AAF-8ADB-200D4087AE90}
	EndGlobalSection
EndGlobal
